
Microsoft Visual Studio Solution File, Format Version 10.00
# Visual Studio 2008
Project("{FAE04EC0-301F-11D3-BF4B-00C04F79EFBC}") = "Compete.Site", "Compete.Site\Compete.Site.csproj", "{1D6C3A93-9403-4670-94C1-9C726FA559EB}"
EndProject
Project("{FAE04EC0-301F-11D3-BF4B-00C04F79EFBC}") = "Compete.Core", "Compete.Core\Compete.Core.csproj", "{4CA0C384-4196-47D8-8424-6446D8C7F788}"
EndProject
Project("{FAE04EC0-301F-11D3-BF4B-00C04F79EFBC}") = "Compete.Specs", "Compete.Specs\Compete.Specs.csproj", "{6FB8E720-12C2-4590-B1A2-DA9C531C154B}"
EndProject
Project("{FAE04EC0-301F-11D3-BF4B-00C04F79EFBC}") = "Compete.Model", "Compete.Model\Compete.Model.csproj", "{7614EA4E-29EB-4F13-A50D-2794244FE934}"
EndProject
Project("{FAE04EC0-301F-11D3-BF4B-00C04F79EFBC}") = "Compete.Persistence", "Compete.Persistence\Compete.Persistence.csproj", "{879823D2-3BC2-4F50-944F-7E1A35CF43EB}"
EndProject
Project("{FAE04EC0-301F-11D3-BF4B-00C04F79EFBC}") = "Compete.TeamManagement", "Compete.TeamManagement\Compete.TeamManagement.csproj", "{9ADC69D2-C420-435E-A07D-4B11608F6A4A}"
EndProject
Project("{FAE04EC0-301F-11D3-BF4B-00C04F79EFBC}") = "RockPaperScissorsPro", "..\..\rock_paper_scissors_pro\Source\RockPaperScissorsPro\RockPaperScissorsPro.csproj", "{146770EE-181F-4C9F-951A-FB7F608B0505}"
EndProject
Project("{FAE04EC0-301F-11D3-BF4B-00C04F79EFBC}") = "RockPaperScissorsPro.Specs", "..\..\rock_paper_scissors_pro\Source\RockPaperScissorsPro.Specs\RockPaperScissorsPro.Specs.csproj", "{500A1C5F-353C-4F79-B276-4B9515BC334C}"
EndProject
Project("{FAE04EC0-301F-11D3-BF4B-00C04F79EFBC}") = "RockPaperScissorsPro.AlwaysThrows", "..\..\rock_paper_scissors_pro\Source\RockPaperScissorsPro.AlwaysThrows\RockPaperScissorsPro.AlwaysThrows.csproj", "{7D605349-4906-44A8-9ED9-17FDDD6974FE}"
EndProject
Project("{FAE04EC0-301F-11D3-BF4B-00C04F79EFBC}") = "Compete.Uploader", "Compete.Uploader\Compete.Uploader.csproj", "{388E347E-EBEB-4F3E-9A44-AA1E8E4DA5CB}"
EndProject
Project("{FAE04EC0-301F-11D3-BF4B-00C04F79EFBC}") = "RockPaperScissorsPro.Wrapper", "..\..\rock_paper_scissors_pro\Source\RockPaperScissorsPro.Wrapper\RockPaperScissorsPro.Wrapper.csproj", "{5E4C63FB-EBCA-466E-BCBE-87CAA965871E}"
EndProject
Project("{FAE04EC0-301F-11D3-BF4B-00C04F79EFBC}") = "Compete.Bot", "Compete.Bot\Compete.Bot.csproj", "{DFF95378-F0D3-4B1B-AE0D-78388420C235}"
EndProject
Global
	GlobalSection(SolutionConfigurationPlatforms) = preSolution
		Debug|Any CPU = Debug|Any CPU
		Release|Any CPU = Release|Any CPU
	EndGlobalSection
	GlobalSection(ProjectConfigurationPlatforms) = postSolution
		{1D6C3A93-9403-4670-94C1-9C726FA559EB}.Debug|Any CPU.ActiveCfg = Debug|Any CPU
		{1D6C3A93-9403-4670-94C1-9C726FA559EB}.Debug|Any CPU.Build.0 = Debug|Any CPU
		{1D6C3A93-9403-4670-94C1-9C726FA559EB}.Release|Any CPU.ActiveCfg = Release|Any CPU
		{1D6C3A93-9403-4670-94C1-9C726FA559EB}.Release|Any CPU.Build.0 = Release|Any CPU
		{4CA0C384-4196-47D8-8424-6446D8C7F788}.Debug|Any CPU.ActiveCfg = Debug|Any CPU
		{4CA0C384-4196-47D8-8424-6446D8C7F788}.Debug|Any CPU.Build.0 = Debug|Any CPU
		{4CA0C384-4196-47D8-8424-6446D8C7F788}.Release|Any CPU.ActiveCfg = Release|Any CPU
		{4CA0C384-4196-47D8-8424-6446D8C7F788}.Release|Any CPU.Build.0 = Release|Any CPU
		{6FB8E720-12C2-4590-B1A2-DA9C531C154B}.Debug|Any CPU.ActiveCfg = Debug|Any CPU
		{6FB8E720-12C2-4590-B1A2-DA9C531C154B}.Debug|Any CPU.Build.0 = Debug|Any CPU
		{6FB8E720-12C2-4590-B1A2-DA9C531C154B}.Release|Any CPU.ActiveCfg = Release|Any CPU
		{6FB8E720-12C2-4590-B1A2-DA9C531C154B}.Release|Any CPU.Build.0 = Release|Any CPU
		{7614EA4E-29EB-4F13-A50D-2794244FE934}.Debug|Any CPU.ActiveCfg = Debug|Any CPU
		{7614EA4E-29EB-4F13-A50D-2794244FE934}.Debug|Any CPU.Build.0 = Debug|Any CPU
		{7614EA4E-29EB-4F13-A50D-2794244FE934}.Release|Any CPU.ActiveCfg = Release|Any CPU
		{7614EA4E-29EB-4F13-A50D-2794244FE934}.Release|Any CPU.Build.0 = Release|Any CPU
		{879823D2-3BC2-4F50-944F-7E1A35CF43EB}.Debug|Any CPU.ActiveCfg = Debug|Any CPU
		{879823D2-3BC2-4F50-944F-7E1A35CF43EB}.Debug|Any CPU.Build.0 = Debug|Any CPU
		{879823D2-3BC2-4F50-944F-7E1A35CF43EB}.Release|Any CPU.ActiveCfg = Release|Any CPU
		{879823D2-3BC2-4F50-944F-7E1A35CF43EB}.Release|Any CPU.Build.0 = Release|Any CPU
		{9ADC69D2-C420-435E-A07D-4B11608F6A4A}.Debug|Any CPU.ActiveCfg = Debug|Any CPU
		{9ADC69D2-C420-435E-A07D-4B11608F6A4A}.Debug|Any CPU.Build.0 = Debug|Any CPU
		{9ADC69D2-C420-435E-A07D-4B11608F6A4A}.Release|Any CPU.ActiveCfg = Release|Any CPU
		{9ADC69D2-C420-435E-A07D-4B11608F6A4A}.Release|Any CPU.Build.0 = Release|Any CPU
		{146770EE-181F-4C9F-951A-FB7F608B0505}.Debug|Any CPU.ActiveCfg = Debug|Any CPU
		{146770EE-181F-4C9F-951A-FB7F608B0505}.Debug|Any CPU.Build.0 = Debug|Any CPU
		{146770EE-181F-4C9F-951A-FB7F608B0505}.Release|Any CPU.ActiveCfg = Release|Any CPU
		{146770EE-181F-4C9F-951A-FB7F608B0505}.Release|Any CPU.Build.0 = Release|Any CPU
		{500A1C5F-353C-4F79-B276-4B9515BC334C}.Debug|Any CPU.ActiveCfg = Debug|Any CPU
		{500A1C5F-353C-4F79-B276-4B9515BC334C}.Debug|Any CPU.Build.0 = Debug|Any CPU
		{500A1C5F-353C-4F79-B276-4B9515BC334C}.Release|Any CPU.ActiveCfg = Release|Any CPU
		{500A1C5F-353C-4F79-B276-4B9515BC334C}.Release|Any CPU.Build.0 = Release|Any CPU
		{7D605349-4906-44A8-9ED9-17FDDD6974FE}.Debug|Any CPU.ActiveCfg = Debug|Any CPU
		{7D605349-4906-44A8-9ED9-17FDDD6974FE}.Debug|Any CPU.Build.0 = Debug|Any CPU
		{7D605349-4906-44A8-9ED9-17FDDD6974FE}.Release|Any CPU.ActiveCfg = Release|Any CPU
		{7D605349-4906-44A8-9ED9-17FDDD6974FE}.Release|Any CPU.Build.0 = Release|Any CPU
		{388E347E-EBEB-4F3E-9A44-AA1E8E4DA5CB}.Debug|Any CPU.ActiveCfg = Debug|Any CPU
		{388E347E-EBEB-4F3E-9A44-AA1E8E4DA5CB}.Debug|Any CPU.Build.0 = Debug|Any CPU
		{388E347E-EBEB-4F3E-9A44-AA1E8E4DA5CB}.Release|Any CPU.ActiveCfg = Release|Any CPU
		{388E347E-EBEB-4F3E-9A44-AA1E8E4DA5CB}.Release|Any CPU.Build.0 = Release|Any CPU
		{5E4C63FB-EBCA-466E-BCBE-87CAA965871E}.Debug|Any CPU.ActiveCfg = Debug|Any CPU
		{5E4C63FB-EBCA-466E-BCBE-87CAA965871E}.Debug|Any CPU.Build.0 = Debug|Any CPU
		{5E4C63FB-EBCA-466E-BCBE-87CAA965871E}.Release|Any CPU.ActiveCfg = Release|Any CPU
		{5E4C63FB-EBCA-466E-BCBE-87CAA965871E}.Release|Any CPU.Build.0 = Release|Any CPU
		{DFF95378-F0D3-4B1B-AE0D-78388420C235}.Debug|Any CPU.ActiveCfg = Debug|Any CPU
		{DFF95378-F0D3-4B1B-AE0D-78388420C235}.Debug|Any CPU.Build.0 = Debug|Any CPU
		{DFF95378-F0D3-4B1B-AE0D-78388420C235}.Release|Any CPU.ActiveCfg = Release|Any CPU
		{DFF95378-F0D3-4B1B-AE0D-78388420C235}.Release|Any CPU.Build.0 = Release|Any CPU
	EndGlobalSection
	GlobalSection(SolutionProperties) = preSolution
		HideSolutionNode = FALSE
	EndGlobalSection
EndGlobal
