
Microsoft Visual Studio Solution File, Format Version 10.00
# Visual Studio 2008
Project("{FAE04EC0-301F-11D3-BF4B-00C04F79EFBC}") = "Compete.Site", "Compete.Site.csproj", "{1D6C3A93-9403-4670-94C1-9C726FA559EB}"
EndProject
Project("{FAE04EC0-301F-11D3-BF4B-00C04F79EFBC}") = "Compete.Core", "..\Compete.Core\Compete.Core.csproj", "{4CA0C384-4196-47D8-8424-6446D8C7F788}"
EndProject
Global
	GlobalSection(SolutionConfigurationPlatforms) = preSolution
		Debug|Any CPU = Debug|Any CPU
		Release|Any CPU = Release|Any CPU
	EndGlobalSection
	GlobalSection(ProjectConfigurationPlatforms) = postSolution
		{1D6C3A93-9403-4670-94C1-9C726FA559EB}.Debug|Any CPU.ActiveCfg = Debug|Any CPU
		{1D6C3A93-9403-4670-94C1-9C726FA559EB}.Debug|Any CPU.Build.0 = Debug|Any CPU
		{1D6C3A93-9403-4670-94C1-9C726FA559EB}.Release|Any CPU.ActiveCfg = Release|Any CPU
		{1D6C3A93-9403-4670-94C1-9C726FA559EB}.Release|Any CPU.Build.0 = Release|Any CPU
		{4CA0C384-4196-47D8-8424-6446D8C7F788}.Debug|Any CPU.ActiveCfg = Debug|Any CPU
		{4CA0C384-4196-47D8-8424-6446D8C7F788}.Debug|Any CPU.Build.0 = Debug|Any CPU
		{4CA0C384-4196-47D8-8424-6446D8C7F788}.Release|Any CPU.ActiveCfg = Release|Any CPU
		{4CA0C384-4196-47D8-8424-6446D8C7F788}.Release|Any CPU.Build.0 = Release|Any CPU
	EndGlobalSection
	GlobalSection(SolutionProperties) = preSolution
		HideSolutionNode = FALSE
	EndGlobalSection
EndGlobal
